
Microsoft Visual Studio Solution File, Format Version 12.00
# Visual Studio Version 16
VisualStudioVersion = 16.0.33927.289
MinimumVisualStudioVersion = 10.0.40219.1
Project("{F184B08F-C81C-45F6-A57F-5ABD9991F28F}") = "AppInventario", "AppInventario\AppInventario.vbproj", "{1D047A94-2ABC-4749-AAC4-1253F600D55E}"
	ProjectSection(ProjectDependencies) = postProject
		{0368ED5A-0653-416D-9A61-EB9666562CD1} = {0368ED5A-0653-416D-9A61-EB9666562CD1}
	EndProjectSection
EndProject
Project("{F184B08F-C81C-45F6-A57F-5ABD9991F28F}") = "Cmpinventario", "CmpInventario\Cmpinventario.vbproj", "{0368ED5A-0653-416D-9A61-EB9666562CD1}"
EndProject
Global
	GlobalSection(SolutionConfigurationPlatforms) = preSolution
		Debug|Any CPU = Debug|Any CPU
		Release|Any CPU = Release|Any CPU
	EndGlobalSection
	GlobalSection(ProjectConfigurationPlatforms) = postSolution
		{1D047A94-2ABC-4749-AAC4-1253F600D55E}.Debug|Any CPU.ActiveCfg = Debug|Any CPU
		{1D047A94-2ABC-4749-AAC4-1253F600D55E}.Debug|Any CPU.Build.0 = Debug|Any CPU
		{1D047A94-2ABC-4749-AAC4-1253F600D55E}.Release|Any CPU.ActiveCfg = Release|Any CPU
		{1D047A94-2ABC-4749-AAC4-1253F600D55E}.Release|Any CPU.Build.0 = Release|Any CPU
		{0368ED5A-0653-416D-9A61-EB9666562CD1}.Debug|Any CPU.ActiveCfg = Debug|Any CPU
		{0368ED5A-0653-416D-9A61-EB9666562CD1}.Debug|Any CPU.Build.0 = Debug|Any CPU
		{0368ED5A-0653-416D-9A61-EB9666562CD1}.Release|Any CPU.ActiveCfg = Release|Any CPU
		{0368ED5A-0653-416D-9A61-EB9666562CD1}.Release|Any CPU.Build.0 = Release|Any CPU
	EndGlobalSection
	GlobalSection(SolutionProperties) = preSolution
		HideSolutionNode = FALSE
	EndGlobalSection
	GlobalSection(ExtensibilityGlobals) = postSolution
		SolutionGuid = {A4A66050-47CE-485D-8E4B-D3349B18653C}
	EndGlobalSection
EndGlobal
